
Microsoft Visual Studio Solution File, Format Version 12.00
# Visual Studio Version 17
VisualStudioVersion = 17.8.34330.188
MinimumVisualStudioVersion = 10.0.40219.1
Project("{9A19103F-16F7-4668-BE54-9A1E7A4F7556}") = "ShamsaStoreServer", "ShamsaStoreServer\ShamsaStoreServer.csproj", "{BDC03BDA-FFC8-4B42-A8CF-4B72B0866FF7}"
EndProject
Project("{9A19103F-16F7-4668-BE54-9A1E7A4F7556}") = "ShamsaApplication", "ShamsaApplication\ShamsaApplication.csproj", "{5F397318-DB0F-4E68-9161-10FA2B704704}"
EndProject
Project("{FAE04EC0-301F-11D3-BF4B-00C04F79EFBC}") = "Shared", "Shared\Shared.csproj", "{6D968F6E-2E7F-46F2-8EC5-8C58ABE4B7AD}"
EndProject
Global
	GlobalSection(SolutionConfigurationPlatforms) = preSolution
		Debug|Any CPU = Debug|Any CPU
		Release|Any CPU = Release|Any CPU
	EndGlobalSection
	GlobalSection(ProjectConfigurationPlatforms) = postSolution
		{BDC03BDA-FFC8-4B42-A8CF-4B72B0866FF7}.Debug|Any CPU.ActiveCfg = Debug|Any CPU
		{BDC03BDA-FFC8-4B42-A8CF-4B72B0866FF7}.Debug|Any CPU.Build.0 = Debug|Any CPU
		{BDC03BDA-FFC8-4B42-A8CF-4B72B0866FF7}.Release|Any CPU.ActiveCfg = Release|Any CPU
		{BDC03BDA-FFC8-4B42-A8CF-4B72B0866FF7}.Release|Any CPU.Build.0 = Release|Any CPU
		{5F397318-DB0F-4E68-9161-10FA2B704704}.Debug|Any CPU.ActiveCfg = Debug|Any CPU
		{5F397318-DB0F-4E68-9161-10FA2B704704}.Debug|Any CPU.Build.0 = Debug|Any CPU
		{5F397318-DB0F-4E68-9161-10FA2B704704}.Release|Any CPU.ActiveCfg = Release|Any CPU
		{5F397318-DB0F-4E68-9161-10FA2B704704}.Release|Any CPU.Build.0 = Release|Any CPU
		{6D968F6E-2E7F-46F2-8EC5-8C58ABE4B7AD}.Debug|Any CPU.ActiveCfg = Debug|Any CPU
		{6D968F6E-2E7F-46F2-8EC5-8C58ABE4B7AD}.Debug|Any CPU.Build.0 = Debug|Any CPU
		{6D968F6E-2E7F-46F2-8EC5-8C58ABE4B7AD}.Release|Any CPU.ActiveCfg = Release|Any CPU
		{6D968F6E-2E7F-46F2-8EC5-8C58ABE4B7AD}.Release|Any CPU.Build.0 = Release|Any CPU
	EndGlobalSection
	GlobalSection(SolutionProperties) = preSolution
		HideSolutionNode = FALSE
	EndGlobalSection
	GlobalSection(ExtensibilityGlobals) = postSolution
		SolutionGuid = {2133422E-FA8F-43F3-B025-488002E4D5E1}
	EndGlobalSection
EndGlobal
